
Microsoft Visual Studio Solution File, Format Version 12.00
# Visual Studio Version 17
VisualStudioVersion = 17.5.33530.505
MinimumVisualStudioVersion = 10.0.40219.1
Project("{FAE04EC0-301F-11D3-BF4B-00C04F79EFBC}") = "Daleya.API", "Daleya.API\Daleya.API.csproj", "{380500FA-2883-4F61-8FCF-68478BA903D1}"
EndProject
Project("{FAE04EC0-301F-11D3-BF4B-00C04F79EFBC}") = "Daleya.WEB", "Daleya.WEB\Daleya.WEB.csproj", "{9FEC9196-9D17-4769-8C18-CEFD34886CF0}"
EndProject
Global
	GlobalSection(SolutionConfigurationPlatforms) = preSolution
		Debug|Any CPU = Debug|Any CPU
		Release|Any CPU = Release|Any CPU
	EndGlobalSection
	GlobalSection(ProjectConfigurationPlatforms) = postSolution
		{380500FA-2883-4F61-8FCF-68478BA903D1}.Debug|Any CPU.ActiveCfg = Debug|Any CPU
		{380500FA-2883-4F61-8FCF-68478BA903D1}.Debug|Any CPU.Build.0 = Debug|Any CPU
		{380500FA-2883-4F61-8FCF-68478BA903D1}.Release|Any CPU.ActiveCfg = Release|Any CPU
		{380500FA-2883-4F61-8FCF-68478BA903D1}.Release|Any CPU.Build.0 = Release|Any CPU
		{9FEC9196-9D17-4769-8C18-CEFD34886CF0}.Debug|Any CPU.ActiveCfg = Debug|Any CPU
		{9FEC9196-9D17-4769-8C18-CEFD34886CF0}.Debug|Any CPU.Build.0 = Debug|Any CPU
		{9FEC9196-9D17-4769-8C18-CEFD34886CF0}.Release|Any CPU.ActiveCfg = Release|Any CPU
		{9FEC9196-9D17-4769-8C18-CEFD34886CF0}.Release|Any CPU.Build.0 = Release|Any CPU
	EndGlobalSection
	GlobalSection(SolutionProperties) = preSolution
		HideSolutionNode = FALSE
	EndGlobalSection
	GlobalSection(ExtensibilityGlobals) = postSolution
		SolutionGuid = {B0DE92EC-C979-48A4-8BE0-FDDAA75234F0}
	EndGlobalSection
EndGlobal
